github.com/arduino/go-apt-client v0.0.0-20190812130613-5613f843fdc8 h1:HpmeqWCUoU+dPrz8V4KGDMDxvR+WyeJ0g6DSSqnptuY=
github.com/arduino/go-apt-client v0.0.0-20190812130613-5613f843fdc8/go.mod h1:U1gYCDLM1Kg0dG0PxUjlT09+l6/TdUZKx0FQ2CocJUU=
github.com/knqyf263/go-deb-version v0.0.0-20190517075300-09fca494f03d h1:X4cedH4Kn3JPupAwwWuo4AzYp16P0OyLO9d7OnMZc/c=
github.com/knqyf263/go-deb-version v0.0.0-20190517075300-09fca494f03d/go.mod h1:o8sgWoz3JADecfc/cTYD92/Et1yMqMy0utV1z+VaZao=
gopkg.in/check.v1 v0.0.0-20161208181325-20d25e280405/go.mod h1:Co6ibVJAznAaIkqp8huTwlJQCZ016jof/cbN4VW5Yz0=
gopkg.in/yaml.v2 v2.4.0 h1:D8xgwECY7CYvx+Y2n4sBz93Jn9JRvxdiyyo8CTfuKaY=
gopkg.in/yaml.v2 v2.4.0/go.mod h1:RDklbk79AGWmwhnvt/jBztapEOGDOx6ZbXqjP6csGnQ=
